
Microsoft Visual Studio Solution File, Format Version 12.00
# Visual Studio Version 16
VisualStudioVersion = 16.0.29021.104
MinimumVisualStudioVersion = 10.0.40219.1
Project("{FAE04EC0-301F-11D3-BF4B-00C04F79EFBC}") = "HostedBlazorApplication.Server", "HostedBlazorApplication.Server\HostedBlazorApplication.Server.csproj", "{FD82B34B-E1A6-4D07-974C-50357CE5616D}"
EndProject
Project("{FAE04EC0-301F-11D3-BF4B-00C04F79EFBC}") = "HostedBlazorApplication.Client", "HostedBlazorApplication.Client\HostedBlazorApplication.Client.csproj", "{13BC2DF8-6E21-4C0A-8D99-AC5BAA9DD2B4}"
EndProject
Project("{FAE04EC0-301F-11D3-BF4B-00C04F79EFBC}") = "HostedBlazorApplication.Shared", "HostedBlazorApplication.Shared\HostedBlazorApplication.Shared.csproj", "{039F3DA3-58D3-49C7-8523-042EC927D6B5}"
EndProject
Global
	GlobalSection(SolutionConfigurationPlatforms) = preSolution
		Debug|Any CPU = Debug|Any CPU
		Release|Any CPU = Release|Any CPU
	EndGlobalSection
	GlobalSection(ProjectConfigurationPlatforms) = postSolution
		{FD82B34B-E1A6-4D07-974C-50357CE5616D}.Debug|Any CPU.ActiveCfg = Debug|Any CPU
		{FD82B34B-E1A6-4D07-974C-50357CE5616D}.Debug|Any CPU.Build.0 = Debug|Any CPU
		{FD82B34B-E1A6-4D07-974C-50357CE5616D}.Release|Any CPU.ActiveCfg = Release|Any CPU
		{FD82B34B-E1A6-4D07-974C-50357CE5616D}.Release|Any CPU.Build.0 = Release|Any CPU
		{13BC2DF8-6E21-4C0A-8D99-AC5BAA9DD2B4}.Debug|Any CPU.ActiveCfg = Debug|Any CPU
		{13BC2DF8-6E21-4C0A-8D99-AC5BAA9DD2B4}.Debug|Any CPU.Build.0 = Debug|Any CPU
		{13BC2DF8-6E21-4C0A-8D99-AC5BAA9DD2B4}.Release|Any CPU.ActiveCfg = Release|Any CPU
		{13BC2DF8-6E21-4C0A-8D99-AC5BAA9DD2B4}.Release|Any CPU.Build.0 = Release|Any CPU
		{039F3DA3-58D3-49C7-8523-042EC927D6B5}.Debug|Any CPU.ActiveCfg = Debug|Any CPU
		{039F3DA3-58D3-49C7-8523-042EC927D6B5}.Debug|Any CPU.Build.0 = Debug|Any CPU
		{039F3DA3-58D3-49C7-8523-042EC927D6B5}.Release|Any CPU.ActiveCfg = Release|Any CPU
		{039F3DA3-58D3-49C7-8523-042EC927D6B5}.Release|Any CPU.Build.0 = Release|Any CPU
	EndGlobalSection
	GlobalSection(SolutionProperties) = preSolution
		HideSolutionNode = FALSE
	EndGlobalSection
	GlobalSection(ExtensibilityGlobals) = postSolution
		SolutionGuid = {887D16A8-4368-4843-A21C-5F1741BFB7A5}
	EndGlobalSection
EndGlobal
